// !$*UTF8*$!
{
	archiveVersion = 1;
	classes = {
	};
	objectVersion = 46;
	objects = {

/* Begin PBXBuildFile section */
		4313E6321A0A8325006CD862 /* Reminder.swift in Sources */ = {isa = PBXBuildFile; fileRef = 4313E6311A0A8325006CD862 /* Reminder.swift */; };
		4352A8E51A0AEABF001EFFE3 /* CloudKit.framework in Frameworks */ = {isa = PBXBuildFile; fileRef = 4352A8E41A0AEABF001EFFE3 /* CloudKit.framework */; };
		43A35AC41A093ADC00FBC569 /* AddReminderViewController.swift in Sources */ = {isa = PBXBuildFile; fileRef = 43A35AC31A093ADC00FBC569 /* AddReminderViewController.swift */; };
		43A35AC61A0940E300FBC569 /* ReminderTableViewController.swift in Sources */ = {isa = PBXBuildFile; fileRef = 43A35AC51A0940E300FBC569 /* ReminderTableViewController.swift */; };
		43BDC1C11A0F6BC200CAB5FF /* TabBarController.swift in Sources */ = {isa = PBXBuildFile; fileRef = 43BDC1C01A0F6BC200CAB5FF /* TabBarController.swift */; };
		43EE07B61A07EF550041B6C9 /* AppDelegate.swift in Sources */ = {isa = PBXBuildFile; fileRef = 43EE07B51A07EF550041B6C9 /* AppDelegate.swift */; };
		43EE07B91A07EF550041B6C9 /* MapFence.xcdatamodeld in Sources */ = {isa = PBXBuildFile; fileRef = 43EE07B71A07EF550041B6C9 /* MapFence.xcdatamodeld */; };
		43EE07BB1A07EF550041B6C9 /* ViewController.swift in Sources */ = {isa = PBXBuildFile; fileRef = 43EE07BA1A07EF550041B6C9 /* ViewController.swift */; };
		43EE07BE1A07EF550041B6C9 /* Main.storyboard in Resources */ = {isa = PBXBuildFile; fileRef = 43EE07BC1A07EF550041B6C9 /* Main.storyboard */; };
		43EE07C01A07EF550041B6C9 /* Images.xcassets in Resources */ = {isa = PBXBuildFile; fileRef = 43EE07BF1A07EF550041B6C9 /* Images.xcassets */; };
		43EE07C31A07EF550041B6C9 /* LaunchScreen.xib in Resources */ = {isa = PBXBuildFile; fileRef = 43EE07C11A07EF550041B6C9 /* LaunchScreen.xib */; };
		43EE07CF1A07EF560041B6C9 /* MapFenceTests.swift in Sources */ = {isa = PBXBuildFile; fileRef = 43EE07CE1A07EF560041B6C9 /* MapFenceTests.swift */; };
		43EE07D91A07F1220041B6C9 /* MapKit.framework in Frameworks */ = {isa = PBXBuildFile; fileRef = 43EE07D81A07F1220041B6C9 /* MapKit.framework */; };
/* End PBXBuildFile section */

/* Begin PBXContainerItemProxy section */
		43EE07C91A07EF560041B6C9 /* PBXContainerItemProxy */ = {
			isa = PBXContainerItemProxy;
			containerPortal = 43EE07A81A07EF550041B6C9 /* Project object */;
			proxyType = 1;
			remoteGlobalIDString = 43EE07AF1A07EF550041B6C9;
			remoteInfo = MapFence;
		};
/* End PBXContainerItemProxy section */

/* Begin PBXFileReference section */
		4313E6311A0A8325006CD862 /* Reminder.swift */ = {isa = PBXFileReference; fileEncoding = 4; lastKnownFileType = sourcecode.swift; path = Reminder.swift; sourceTree = "<group>"; };
		4352A8E31A0AEAB6001EFFE3 /* MapFence.entitlements */ = {isa = PBXFileReference; lastKnownFileType = text.xml; path = MapFence.entitlements; sourceTree = "<group>"; };
		4352A8E41A0AEABF001EFFE3 /* CloudKit.framework */ = {isa = PBXFileReference; lastKnownFileType = wrapper.framework; name = CloudKit.framework; path = System/Library/Frameworks/CloudKit.framework; sourceTree = SDKROOT; };
		43A35AC31A093ADC00FBC569 /* AddReminderViewController.swift */ = {isa = PBXFileReference; fileEncoding = 4; lastKnownFileType = sourcecode.swift; path = AddReminderViewController.swift; sourceTree = "<group>"; };
		43A35AC51A0940E300FBC569 /* ReminderTableViewController.swift */ = {isa = PBXFileReference; fileEncoding = 4; lastKnownFileType = sourcecode.swift; path = ReminderTableViewController.swift; sourceTree = "<group>"; };
		43BDC1C01A0F6BC200CAB5FF /* TabBarController.swift */ = {isa = PBXFileReference; fileEncoding = 4; lastKnownFileType = sourcecode.swift; path = TabBarController.swift; sourceTree = "<group>"; };
		43EE07B01A07EF550041B6C9 /* MapFence.app */ = {isa = PBXFileReference; explicitFileType = wrapper.application; includeInIndex = 0; path = MapFence.app; sourceTree = BUILT_PRODUCTS_DIR; };
		43EE07B41A07EF550041B6C9 /* Info.plist */ = {isa = PBXFileReference; lastKnownFileType = text.plist.xml; path = Info.plist; sourceTree = "<group>"; };
		43EE07B51A07EF550041B6C9 /* AppDelegate.swift */ = {isa = PBXFileReference; lastKnownFileType = sourcecode.swift; path = AppDelegate.swift; sourceTree = "<group>"; };
		43EE07B81A07EF550041B6C9 /* MapFence.xcdatamodel */ = {isa = PBXFileReference; lastKnownFileType = wrapper.xcdatamodel; path = MapFence.xcdatamodel; sourceTree = "<group>"; };
		43EE07BA1A07EF550041B6C9 /* ViewController.swift */ = {isa = PBXFileReference; lastKnownFileType = sourcecode.swift; path = ViewController.swift; sourceTree = "<group>"; };
		43EE07BD1A07EF550041B6C9 /* Base */ = {isa = PBXFileReference; lastKnownFileType = file.storyboard; name = Base; path = Base.lproj/Main.storyboard; sourceTree = "<group>"; };
		43EE07BF1A07EF550041B6C9 /* Images.xcassets */ = {isa = PBXFileReference; lastKnownFileType = folder.assetcatalog; path = Images.xcassets; sourceTree = "<group>"; };
		43EE07C21A07EF550041B6C9 /* Base */ = {isa = PBXFileReference; lastKnownFileType = file.xib; name = Base; path = Base.lproj/LaunchScreen.xib; sourceTree = "<group>"; };
		43EE07C81A07EF560041B6C9 /* MapFenceTests.xctest */ = {isa = PBXFileReference; explicitFileType = wrapper.cfbundle; includeInIndex = 0; path = MapFenceTests.xctest; sourceTree = BUILT_PRODUCTS_DIR; };
		43EE07CD1A07EF560041B6C9 /* Info.plist */ = {isa = PBXFileReference; lastKnownFileType = text.plist.xml; path = Info.plist; sourceTree = "<group>"; };
		43EE07CE1A07EF560041B6C9 /* MapFenceTests.swift */ = {isa = PBXFileReference; lastKnownFileType = sourcecode.swift; path = MapFenceTests.swift; sourceTree = "<group>"; };
		43EE07D81A07F1220041B6C9 /* MapKit.framework */ = {isa = PBXFileReference; lastKnownFileType = wrapper.framework; name = MapKit.framework; path = System/Library/Frameworks/MapKit.framework; sourceTree = SDKROOT; };
/* End PBXFileReference section */

/* Begin PBXFrameworksBuildPhase section */
		43EE07AD1A07EF550041B6C9 /* Frameworks */ = {
			isa = PBXFrameworksBuildPhase;
			buildActionMask = 2147483647;
			files = (
				43EE07D91A07F1220041B6C9 /* MapKit.framework in Frameworks */,
				4352A8E51A0AEABF001EFFE3 /* CloudKit.framework in Frameworks */,
			);
			runOnlyForDeploymentPostprocessing = 0;
		};
		43EE07C51A07EF560041B6C9 /* Frameworks */ = {
			isa = PBXFrameworksBuildPhase;
			buildActionMask = 2147483647;
			files = (
			);
			runOnlyForDeploymentPostprocessing = 0;
		};
/* End PBXFrameworksBuildPhase section */

/* Begin PBXGroup section */
		43D75F791A0F178E000F647F /* Model */ = {
			isa = PBXGroup;
			children = (
				4313E6311A0A8325006CD862 /* Reminder.swift */,
			);
			name = Model;
			sourceTree = "<group>";
		};
		43D75F7B1A0F17A3000F647F /* View */ = {
			isa = PBXGroup;
			children = (
				43EE07C11A07EF550041B6C9 /* LaunchScreen.xib */,
				43EE07BC1A07EF550041B6C9 /* Main.storyboard */,
			);
			name = View;
			sourceTree = "<group>";
		};
		43D75F7C1A0F17B2000F647F /* Controller */ = {
			isa = PBXGroup;
			children = (
				43EE07BA1A07EF550041B6C9 /* ViewController.swift */,
				43A35AC51A0940E300FBC569 /* ReminderTableViewController.swift */,
				43A35AC31A093ADC00FBC569 /* AddReminderViewController.swift */,
				43EE07B51A07EF550041B6C9 /* AppDelegate.swift */,
				4352A8E31A0AEAB6001EFFE3 /* MapFence.entitlements */,
				43BDC1C01A0F6BC200CAB5FF /* TabBarController.swift */,
			);
			name = Controller;
			sourceTree = "<group>";
		};
		43EE07A71A07EF550041B6C9 = {
			isa = PBXGroup;
			children = (
				4352A8E41A0AEABF001EFFE3 /* CloudKit.framework */,
				43EE07D81A07F1220041B6C9 /* MapKit.framework */,
				43EE07B21A07EF550041B6C9 /* MapFence */,
				43EE07CB1A07EF560041B6C9 /* MapFenceTests */,
				43EE07B11A07EF550041B6C9 /* Products */,
			);
			sourceTree = "<group>";
		};
		43EE07B11A07EF550041B6C9 /* Products */ = {
			isa = PBXGroup;
			children = (
				43EE07B01A07EF550041B6C9 /* MapFence.app */,
				43EE07C81A07EF560041B6C9 /* MapFenceTests.xctest */,
			);
			name = Products;
			sourceTree = "<group>";
		};
		43EE07B21A07EF550041B6C9 /* MapFence */ = {
			isa = PBXGroup;
			children = (
				43D75F791A0F178E000F647F /* Model */,
				43D75F7B1A0F17A3000F647F /* View */,
				43D75F7C1A0F17B2000F647F /* Controller */,
				43EE07B31A07EF550041B6C9 /* Supporting Files */,
			);
			path = MapFence;
			sourceTree = "<group>";
		};
		43EE07B31A07EF550041B6C9 /* Supporting Files */ = {
			isa = PBXGroup;
			children = (
				43EE07B71A07EF550041B6C9 /* MapFence.xcdatamodeld */,
				43EE07BF1A07EF550041B6C9 /* Images.xcassets */,
				43EE07B41A07EF550041B6C9 /* Info.plist */,
			);
			name = "Supporting Files";
			sourceTree = "<group>";
		};
		43EE07CB1A07EF560041B6C9 /* MapFenceTests */ = {
			isa = PBXGroup;
			children = (
				43EE07CE1A07EF560041B6C9 /* MapFenceTests.swift */,
				43EE07CC1A07EF560041B6C9 /* Supporting Files */,
			);
			path = MapFenceTests;
			sourceTree = "<group>";
		};
		43EE07CC1A07EF560041B6C9 /* Supporting Files */ = {
			isa = PBXGroup;
			children = (
				43EE07CD1A07EF560041B6C9 /* Info.plist */,
			);
			name = "Supporting Files";
			sourceTree = "<group>";
		};
/* End PBXGroup section */

/* Begin PBXNativeTarget section */
		43EE07AF1A07EF550041B6C9 /* MapFence */ = {
			isa = PBXNativeTarget;
			buildConfigurationList = 43EE07D21A07EF560041B6C9 /* Build configuration list for PBXNativeTarget "MapFence" */;
			buildPhases = (
				43EE07AC1A07EF550041B6C9 /* Sources */,
				43EE07AD1A07EF550041B6C9 /* Frameworks */,
				43EE07AE1A07EF550041B6C9 /* Resources */,
			);
			buildRules = (
			);
			dependencies = (
			);
			name = MapFence;
			productName = MapFence;
			productReference = 43EE07B01A07EF550041B6C9 /* MapFence.app */;
			productType = "com.apple.product-type.application";
		};
		43EE07C71A07EF560041B6C9 /* MapFenceTests */ = {
			isa = PBXNativeTarget;
			buildConfigurationList = 43EE07D51A07EF560041B6C9 /* Build configuration list for PBXNativeTarget "MapFenceTests" */;
			buildPhases = (
				43EE07C41A07EF560041B6C9 /* Sources */,
				43EE07C51A07EF560041B6C9 /* Frameworks */,
				43EE07C61A07EF560041B6C9 /* Resources */,
			);
			buildRules = (
			);
			dependencies = (
				43EE07CA1A07EF560041B6C9 /* PBXTargetDependency */,
			);
			name = MapFenceTests;
			productName = MapFenceTests;
			productReference = 43EE07C81A07EF560041B6C9 /* MapFenceTests.xctest */;
			productType = "com.apple.product-type.bundle.unit-test";
		};
/* End PBXNativeTarget section */

/* Begin PBXProject section */
		43EE07A81A07EF550041B6C9 /* Project object */ = {
			isa = PBXProject;
			attributes = {
				LastUpgradeCheck = 0610;
				ORGANIZATIONNAME = "Nate Birkholz";
				TargetAttributes = {
					43EE07AF1A07EF550041B6C9 = {
						CreatedOnToolsVersion = 6.1;
						DevelopmentTeam = 65PRBW7K5C;
						SystemCapabilities = {
							com.apple.Maps.iOS = {
								enabled = 1;
							};
							com.apple.iCloud = {
								enabled = 1;
							};
						};
					};
					43EE07C71A07EF560041B6C9 = {
						CreatedOnToolsVersion = 6.1;
						TestTargetID = 43EE07AF1A07EF550041B6C9;
					};
				};
			};
			buildConfigurationList = 43EE07AB1A07EF550041B6C9 /* Build configuration list for PBXProject "MapFence" */;
			compatibilityVersion = "Xcode 3.2";
			developmentRegion = English;
			hasScannedForEncodings = 0;
			knownRegions = (
				en,
				Base,
			);
			mainGroup = 43EE07A71A07EF550041B6C9;
			productRefGroup = 43EE07B11A07EF550041B6C9 /* Products */;
			projectDirPath = "";
			projectRoot = "";
			targets = (
				43EE07AF1A07EF550041B6C9 /* MapFence */,
				43EE07C71A07EF560041B6C9 /* MapFenceTests */,
			);
		};
/* End PBXProject section */

/* Begin PBXResourcesBuildPhase section */
		43EE07AE1A07EF550041B6C9 /* Resources */ = {
			isa = PBXResourcesBuildPhase;
			buildActionMask = 2147483647;
			files = (
				43EE07BE1A07EF550041B6C9 /* Main.storyboard in Resources */,
				43EE07C31A07EF550041B6C9 /* LaunchScreen.xib in Resources */,
				43EE07C01A07EF550041B6C9 /* Images.xcassets in Resources */,
			);
			runOnlyForDeploymentPostprocessing = 0;
		};
		43EE07C61A07EF560041B6C9 /* Resources */ = {
			isa = PBXResourcesBuildPhase;
			buildActionMask = 2147483647;
			files = (
			);
			runOnlyForDeploymentPostprocessing = 0;
		};
/* End PBXResourcesBuildPhase section */

/* Begin PBXSourcesBuildPhase section */
		43EE07AC1A07EF550041B6C9 /* Sources */ = {
			isa = PBXSourcesBuildPhase;
			buildActionMask = 2147483647;
			files = (
				43A35AC41A093ADC00FBC569 /* AddReminderViewController.swift in Sources */,
				43EE07BB1A07EF550041B6C9 /* ViewController.swift in Sources */,
				43EE07B91A07EF550041B6C9 /* MapFence.xcdatamodeld in Sources */,
				4313E6321A0A8325006CD862 /* Reminder.swift in Sources */,
				43BDC1C11A0F6BC200CAB5FF /* TabBarController.swift in Sources */,
				43A35AC61A0940E300FBC569 /* ReminderTableViewController.swift in Sources */,
				43EE07B61A07EF550041B6C9 /* AppDelegate.swift in Sources */,
			);
			runOnlyForDeploymentPostprocessing = 0;
		};
		43EE07C41A07EF560041B6C9 /* Sources */ = {
			isa = PBXSourcesBuildPhase;
			buildActionMask = 2147483647;
			files = (
				43EE07CF1A07EF560041B6C9 /* MapFenceTests.swift in Sources */,
			);
			runOnlyForDeploymentPostprocessing = 0;
		};
/* End PBXSourcesBuildPhase section */

/* Begin PBXTargetDependency section */
		43EE07CA1A07EF560041B6C9 /* PBXTargetDependency */ = {
			isa = PBXTargetDependency;
			target = 43EE07AF1A07EF550041B6C9 /* MapFence */;
			targetProxy = 43EE07C91A07EF560041B6C9 /* PBXContainerItemProxy */;
		};
/* End PBXTargetDependency section */

/* Begin PBXVariantGroup section */
		43EE07BC1A07EF550041B6C9 /* Main.storyboard */ = {
			isa = PBXVariantGroup;
			children = (
				43EE07BD1A07EF550041B6C9 /* Base */,
			);
			name = Main.storyboard;
			sourceTree = "<group>";
		};
		43EE07C11A07EF550041B6C9 /* LaunchScreen.xib */ = {
			isa = PBXVariantGroup;
			children = (
				43EE07C21A07EF550041B6C9 /* Base */,
			);
			name = LaunchScreen.xib;
			sourceTree = "<group>";
		};
/* End PBXVariantGroup section */

/* Begin XCBuildConfiguration section */
		43EE07D01A07EF560041B6C9 /* Debug */ = {
			isa = XCBuildConfiguration;
			buildSettings = {
				ALWAYS_SEARCH_USER_PATHS = NO;
				CLANG_CXX_LANGUAGE_STANDARD = "gnu++0x";
				CLANG_CXX_LIBRARY = "libc++";
				CLANG_ENABLE_MODULES = YES;
				CLANG_ENABLE_OBJC_ARC = YES;
				CLANG_WARN_BOOL_CONVERSION = YES;
				CLANG_WARN_CONSTANT_CONVERSION = YES;
				CLANG_WARN_DIRECT_OBJC_ISA_USAGE = YES_ERROR;
				CLANG_WARN_EMPTY_BODY = YES;
				CLANG_WARN_ENUM_CONVERSION = YES;
				CLANG_WARN_INT_CONVERSION = YES;
				CLANG_WARN_OBJC_ROOT_CLASS = YES_ERROR;
				CLANG_WARN_UNREACHABLE_CODE = YES;
				CLANG_WARN__DUPLICATE_METHOD_MATCH = YES;
				"CODE_SIGN_IDENTITY[sdk=iphoneos*]" = "iPhone Developer";
				COPY_PHASE_STRIP = NO;
				ENABLE_STRICT_OBJC_MSGSEND = YES;
				GCC_C_LANGUAGE_STANDARD = gnu99;
				GCC_DYNAMIC_NO_PIC = NO;
				GCC_OPTIMIZATION_LEVEL = 0;
				GCC_PREPROCESSOR_DEFINITIONS = (
					"DEBUG=1",
					"$(inherited)",
				);
				GCC_SYMBOLS_PRIVATE_EXTERN = NO;
				GCC_WARN_64_TO_32_BIT_CONVERSION = YES;
				GCC_WARN_ABOUT_RETURN_TYPE = YES_ERROR;
				GCC_WARN_UNDECLARED_SELECTOR = YES;
				GCC_WARN_UNINITIALIZED_AUTOS = YES_AGGRESSIVE;
				GCC_WARN_UNUSED_FUNCTION = YES;
				GCC_WARN_UNUSED_VARIABLE = YES;
				IPHONEOS_DEPLOYMENT_TARGET = 8.1;
				MTL_ENABLE_DEBUG_INFO = YES;
				ONLY_ACTIVE_ARCH = YES;
				SDKROOT = iphoneos;
				SWIFT_OPTIMIZATION_LEVEL = "-Onone";
				TARGETED_DEVICE_FAMILY = "1,2";
			};
			name = Debug;
		};
		43EE07D11A07EF560041B6C9 /* Release */ = {
			isa = XCBuildConfiguration;
			buildSettings = {
				ALWAYS_SEARCH_USER_PATHS = NO;
				CLANG_CXX_LANGUAGE_STANDARD = "gnu++0x";
				CLANG_CXX_LIBRARY = "libc++";
				CLANG_ENABLE_MODULES = YES;
				CLANG_ENABLE_OBJC_ARC = YES;
				CLANG_WARN_BOOL_CONVERSION = YES;
				CLANG_WARN_CONSTANT_CONVERSION = YES;
				CLANG_WARN_DIRECT_OBJC_ISA_USAGE = YES_ERROR;
				CLANG_WARN_EMPTY_BODY = YES;
				CLANG_WARN_ENUM_CONVERSION = YES;
				CLANG_WARN_INT_CONVERSION = YES;
				CLANG_WARN_OBJC_ROOT_CLASS = YES_ERROR;
				CLANG_WARN_UNREACHABLE_CODE = YES;
				CLANG_WARN__DUPLICATE_METHOD_MATCH = YES;
				"CODE_SIGN_IDENTITY[sdk=iphoneos*]" = "iPhone Developer";
				COPY_PHASE_STRIP = YES;
				ENABLE_NS_ASSERTIONS = NO;
				ENABLE_STRICT_OBJC_MSGSEND = YES;
				GCC_C_LANGUAGE_STANDARD = gnu99;
				GCC_WARN_64_TO_32_BIT_CONVERSION = YES;
				GCC_WARN_ABOUT_RETURN_TYPE = YES_ERROR;
				GCC_WARN_UNDECLARED_SELECTOR = YES;
				GCC_WARN_UNINITIALIZED_AUTOS = YES_AGGRESSIVE;
				GCC_WARN_UNUSED_FUNCTION = YES;
				GCC_WARN_UNUSED_VARIABLE = YES;
				IPHONEOS_DEPLOYMENT_TARGET = 8.1;
				MTL_ENABLE_DEBUG_INFO = NO;
				SDKROOT = iphoneos;
				TARGETED_DEVICE_FAMILY = "1,2";
				VALIDATE_PRODUCT = YES;
			};
			name = Release;
		};
		43EE07D31A07EF560041B6C9 /* Debug */ = {
			isa = XCBuildConfiguration;
			buildSettings = {
				ASSETCATALOG_COMPILER_APPICON_NAME = AppIcon;
				CODE_SIGN_ENTITLEMENTS = MapFence/MapFence.entitlements;
				CODE_SIGN_IDENTITY = "iPhone Developer";
				"CODE_SIGN_IDENTITY[sdk=iphoneos*]" = "iPhone Developer";
				INFOPLIST_FILE = MapFence/Info.plist;
				LD_RUNPATH_SEARCH_PATHS = "$(inherited) @executable_path/Frameworks";
				PRODUCT_NAME = "$(TARGET_NAME)";
				PROVISIONING_PROFILE = "";
			};
			name = Debug;
		};
		43EE07D41A07EF560041B6C9 /* Release */ = {
			isa = XCBuildConfiguration;
			buildSettings = {
				ASSETCATALOG_COMPILER_APPICON_NAME = AppIcon;
				CODE_SIGN_ENTITLEMENTS = MapFence/MapFence.entitlements;
				CODE_SIGN_IDENTITY = "iPhone Developer";
				"CODE_SIGN_IDENTITY[sdk=iphoneos*]" = "iPhone Developer";
				INFOPLIST_FILE = MapFence/Info.plist;
				LD_RUNPATH_SEARCH_PATHS = "$(inherited) @executable_path/Frameworks";
				PRODUCT_NAME = "$(TARGET_NAME)";
				PROVISIONING_PROFILE = "";
			};
			name = Release;
		};
		43EE07D61A07EF560041B6C9 /* Debug */ = {
			isa = XCBuildConfiguration;
			buildSettings = {
				BUNDLE_LOADER = "$(TEST_HOST)";
				FRAMEWORK_SEARCH_PATHS = (
					"$(SDKROOT)/Developer/Library/Frameworks",
					"$(inherited)",
				);
				GCC_PREPROCESSOR_DEFINITIONS = (
					"DEBUG=1",
					"$(inherited)",
				);
				INFOPLIST_FILE = MapFenceTests/Info.plist;
				LD_RUNPATH_SEARCH_PATHS = "$(inherited) @executable_path/Frameworks @loader_path/Frameworks";
				PRODUCT_NAME = "$(TARGET_NAME)";
				TEST_HOST = "$(BUILT_PRODUCTS_DIR)/MapFence.app/MapFence";
			};
			name = Debug;
		};
		43EE07D71A07EF560041B6C9 /* Release */ = {
			isa = XCBuildConfiguration;
			buildSettings = {
				BUNDLE_LOADER = "$(TEST_HOST)";
				FRAMEWORK_SEARCH_PATHS = (
					"$(SDKROOT)/Developer/Library/Frameworks",
					"$(inherited)",
				);
				INFOPLIST_FILE = MapFenceTests/Info.plist;
				LD_RUNPATH_SEARCH_PATHS = "$(inherited) @executable_path/Frameworks @loader_path/Frameworks";
				PRODUCT_NAME = "$(TARGET_NAME)";
				TEST_HOST = "$(BUILT_PRODUCTS_DIR)/MapFence.app/MapFence";
			};
			name = Release;
		};
/* End XCBuildConfiguration section */

/* Begin XCConfigurationList section */
		43EE07AB1A07EF550041B6C9 /* Build configuration list for PBXProject "MapFence" */ = {
			isa = XCConfigurationList;
			buildConfigurations = (
				43EE07D01A07EF560041B6C9 /* Debug */,
				43EE07D11A07EF560041B6C9 /* Release */,
			);
			defaultConfigurationIsVisible = 0;
			defaultConfigurationName = Release;
		};
		43EE07D21A07EF560041B6C9 /* Build configuration list for PBXNativeTarget "MapFence" */ = {
			isa = XCConfigurationList;
			buildConfigurations = (
				43EE07D31A07EF560041B6C9 /* Debug */,
				43EE07D41A07EF560041B6C9 /* Release */,
			);
			defaultConfigurationIsVisible = 0;
			defaultConfigurationName = Release;
		};
		43EE07D51A07EF560041B6C9 /* Build configuration list for PBXNativeTarget "MapFenceTests" */ = {
			isa = XCConfigurationList;
			buildConfigurations = (
				43EE07D61A07EF560041B6C9 /* Debug */,
				43EE07D71A07EF560041B6C9 /* Release */,
			);
			defaultConfigurationIsVisible = 0;
			defaultConfigurationName = Release;
		};
/* End XCConfigurationList section */

/* Begin XCVersionGroup section */
		43EE07B71A07EF550041B6C9 /* MapFence.xcdatamodeld */ = {
			isa = XCVersionGroup;
			children = (
				43EE07B81A07EF550041B6C9 /* MapFence.xcdatamodel */,
			);
			currentVersion = 43EE07B81A07EF550041B6C9 /* MapFence.xcdatamodel */;
			path = MapFence.xcdatamodeld;
			sourceTree = "<group>";
			versionGroupType = wrapper.xcdatamodel;
		};
/* End XCVersionGroup section */
	};
	rootObject = 43EE07A81A07EF550041B6C9 /* Project object */;
}
